// !$*UTF8*$!
{
	archiveVersion = 1;
	classes = {
	};
	objectVersion = 46;
	objects = {

/* Begin PBXBuildFile section */
		B89034B61D82C07500EAD1D2 /* main.m in Sources */ = {isa = PBXBuildFile; fileRef = B89034B51D82C07500EAD1D2 /* main.m */; };
		B89034B91D82C07500EAD1D2 /* AppDelegate.m in Sources */ = {isa = PBXBuildFile; fileRef = B89034B81D82C07500EAD1D2 /* AppDelegate.m */; };
		B89034BC1D82C07500EAD1D2 /* ViewController.m in Sources */ = {isa = PBXBuildFile; fileRef = B89034BB1D82C07500EAD1D2 /* ViewController.m */; };
		B89034BF1D82C07500EAD1D2 /* Main.storyboard in Resources */ = {isa = PBXBuildFile; fileRef = B89034BD1D82C07500EAD1D2 /* Main.storyboard */; };
		B89034C11D82C07500EAD1D2 /* Assets.xcassets in Resources */ = {isa = PBXBuildFile; fileRef = B89034C01D82C07500EAD1D2 /* Assets.xcassets */; };
		B89034C41D82C07500EAD1D2 /* LaunchScreen.storyboard in Resources */ = {isa = PBXBuildFile; fileRef = B89034C21D82C07500EAD1D2 /* LaunchScreen.storyboard */; };
		B89034D61D82C19300EAD1D2 /* LHBuickCar.m in Sources */ = {isa = PBXBuildFile; fileRef = B89034D51D82C19300EAD1D2 /* LHBuickCar.m */; };
		B89034D91D82C1C300EAD1D2 /* LHDirector4S.m in Sources */ = {isa = PBXBuildFile; fileRef = B89034D81D82C1C300EAD1D2 /* LHDirector4S.m */; };
		B89034DC1D82C20500EAD1D2 /* LHBuickBuilder.m in Sources */ = {isa = PBXBuildFile; fileRef = B89034DB1D82C20500EAD1D2 /* LHBuickBuilder.m */; };
		B89034E21D82C27A00EAD1D2 /* LHBuickExcelleGTBuilder.m in Sources */ = {isa = PBXBuildFile; fileRef = B89034E11D82C27A00EAD1D2 /* LHBuickExcelleGTBuilder.m */; };
		B89034E51D82C30500EAD1D2 /* LHBuickVeranoBuilder.m in Sources */ = {isa = PBXBuildFile; fileRef = B89034E41D82C30500EAD1D2 /* LHBuickVeranoBuilder.m */; };
		B89034E81D82C33E00EAD1D2 /* LHBuickRegalBuilder.m in Sources */ = {isa = PBXBuildFile; fileRef = B89034E71D82C33E00EAD1D2 /* LHBuickRegalBuilder.m */; };
		B89034EB1D82C37000EAD1D2 /* LHBuickLacrosseBuilder.m in Sources */ = {isa = PBXBuildFile; fileRef = B89034EA1D82C37000EAD1D2 /* LHBuickLacrosseBuilder.m */; };
/* End PBXBuildFile section */

/* Begin PBXFileReference section */
		B89034B11D82C07500EAD1D2 /* BuilderProject.app */ = {isa = PBXFileReference; explicitFileType = wrapper.application; includeInIndex = 0; path = BuilderProject.app; sourceTree = BUILT_PRODUCTS_DIR; };
		B89034B51D82C07500EAD1D2 /* main.m */ = {isa = PBXFileReference; lastKnownFileType = sourcecode.c.objc; path = main.m; sourceTree = "<group>"; };
		B89034B71D82C07500EAD1D2 /* AppDelegate.h */ = {isa = PBXFileReference; lastKnownFileType = sourcecode.c.h; path = AppDelegate.h; sourceTree = "<group>"; };
		B89034B81D82C07500EAD1D2 /* AppDelegate.m */ = {isa = PBXFileReference; lastKnownFileType = sourcecode.c.objc; path = AppDelegate.m; sourceTree = "<group>"; };
		B89034BA1D82C07500EAD1D2 /* ViewController.h */ = {isa = PBXFileReference; lastKnownFileType = sourcecode.c.h; path = ViewController.h; sourceTree = "<group>"; };
		B89034BB1D82C07500EAD1D2 /* ViewController.m */ = {isa = PBXFileReference; lastKnownFileType = sourcecode.c.objc; path = ViewController.m; sourceTree = "<group>"; };
		B89034BE1D82C07500EAD1D2 /* Base */ = {isa = PBXFileReference; lastKnownFileType = file.storyboard; name = Base; path = Base.lproj/Main.storyboard; sourceTree = "<group>"; };
		B89034C01D82C07500EAD1D2 /* Assets.xcassets */ = {isa = PBXFileReference; lastKnownFileType = folder.assetcatalog; path = Assets.xcassets; sourceTree = "<group>"; };
		B89034C31D82C07500EAD1D2 /* Base */ = {isa = PBXFileReference; lastKnownFileType = file.storyboard; name = Base; path = Base.lproj/LaunchScreen.storyboard; sourceTree = "<group>"; };
		B89034C51D82C07500EAD1D2 /* Info.plist */ = {isa = PBXFileReference; lastKnownFileType = text.plist.xml; path = Info.plist; sourceTree = "<group>"; };
		B89034D41D82C19300EAD1D2 /* LHBuickCar.h */ = {isa = PBXFileReference; fileEncoding = 4; lastKnownFileType = sourcecode.c.h; path = LHBuickCar.h; sourceTree = "<group>"; };
		B89034D51D82C19300EAD1D2 /* LHBuickCar.m */ = {isa = PBXFileReference; fileEncoding = 4; lastKnownFileType = sourcecode.c.objc; path = LHBuickCar.m; sourceTree = "<group>"; };
		B89034D71D82C1C300EAD1D2 /* LHDirector4S.h */ = {isa = PBXFileReference; fileEncoding = 4; lastKnownFileType = sourcecode.c.h; path = LHDirector4S.h; sourceTree = "<group>"; };
		B89034D81D82C1C300EAD1D2 /* LHDirector4S.m */ = {isa = PBXFileReference; fileEncoding = 4; lastKnownFileType = sourcecode.c.objc; path = LHDirector4S.m; sourceTree = "<group>"; };
		B89034DA1D82C20500EAD1D2 /* LHBuickBuilder.h */ = {isa = PBXFileReference; fileEncoding = 4; lastKnownFileType = sourcecode.c.h; path = LHBuickBuilder.h; sourceTree = "<group>"; };
		B89034DB1D82C20500EAD1D2 /* LHBuickBuilder.m */ = {isa = PBXFileReference; fileEncoding = 4; lastKnownFileType = sourcecode.c.objc; path = LHBuickBuilder.m; sourceTree = "<group>"; };
		B89034E01D82C27A00EAD1D2 /* LHBuickExcelleGTBuilder.h */ = {isa = PBXFileReference; fileEncoding = 4; lastKnownFileType = sourcecode.c.h; path = LHBuickExcelleGTBuilder.h; sourceTree = "<group>"; };
		B89034E11D82C27A00EAD1D2 /* LHBuickExcelleGTBuilder.m */ = {isa = PBXFileReference; fileEncoding = 4; lastKnownFileType = sourcecode.c.objc; path = LHBuickExcelleGTBuilder.m; sourceTree = "<group>"; };
		B89034E31D82C30500EAD1D2 /* LHBuickVeranoBuilder.h */ = {isa = PBXFileReference; fileEncoding = 4; lastKnownFileType = sourcecode.c.h; path = LHBuickVeranoBuilder.h; sourceTree = "<group>"; };
		B89034E41D82C30500EAD1D2 /* LHBuickVeranoBuilder.m */ = {isa = PBXFileReference; fileEncoding = 4; lastKnownFileType = sourcecode.c.objc; path = LHBuickVeranoBuilder.m; sourceTree = "<group>"; };
		B89034E61D82C33E00EAD1D2 /* LHBuickRegalBuilder.h */ = {isa = PBXFileReference; fileEncoding = 4; lastKnownFileType = sourcecode.c.h; path = LHBuickRegalBuilder.h; sourceTree = "<group>"; };
		B89034E71D82C33E00EAD1D2 /* LHBuickRegalBuilder.m */ = {isa = PBXFileReference; fileEncoding = 4; lastKnownFileType = sourcecode.c.objc; path = LHBuickRegalBuilder.m; sourceTree = "<group>"; };
		B89034E91D82C37000EAD1D2 /* LHBuickLacrosseBuilder.h */ = {isa = PBXFileReference; fileEncoding = 4; lastKnownFileType = sourcecode.c.h; path = LHBuickLacrosseBuilder.h; sourceTree = "<group>"; };
		B89034EA1D82C37000EAD1D2 /* LHBuickLacrosseBuilder.m */ = {isa = PBXFileReference; fileEncoding = 4; lastKnownFileType = sourcecode.c.objc; path = LHBuickLacrosseBuilder.m; sourceTree = "<group>"; };
/* End PBXFileReference section */

/* Begin PBXFrameworksBuildPhase section */
		B89034AE1D82C07500EAD1D2 /* Frameworks */ = {
			isa = PBXFrameworksBuildPhase;
			buildActionMask = 2147483647;
			files = (
			);
			runOnlyForDeploymentPostprocessing = 0;
		};
/* End PBXFrameworksBuildPhase section */

/* Begin PBXGroup section */
		B89034A81D82C07500EAD1D2 = {
			isa = PBXGroup;
			children = (
				B89034B31D82C07500EAD1D2 /* BuilderProject */,
				B89034B21D82C07500EAD1D2 /* Products */,
			);
			sourceTree = "<group>";
		};
		B89034B21D82C07500EAD1D2 /* Products */ = {
			isa = PBXGroup;
			children = (
				B89034B11D82C07500EAD1D2 /* BuilderProject.app */,
			);
			name = Products;
			sourceTree = "<group>";
		};
		B89034B31D82C07500EAD1D2 /* BuilderProject */ = {
			isa = PBXGroup;
			children = (
				B89034CB1D82C0C400EAD1D2 /* Builder */,
				B89034CC1D82C0C400EAD1D2 /* Director */,
				B89034CD1D82C0C400EAD1D2 /* Product */,
				B89034B71D82C07500EAD1D2 /* AppDelegate.h */,
				B89034B81D82C07500EAD1D2 /* AppDelegate.m */,
				B89034BA1D82C07500EAD1D2 /* ViewController.h */,
				B89034BB1D82C07500EAD1D2 /* ViewController.m */,
				B89034BD1D82C07500EAD1D2 /* Main.storyboard */,
				B89034C01D82C07500EAD1D2 /* Assets.xcassets */,
				B89034C21D82C07500EAD1D2 /* LaunchScreen.storyboard */,
				B89034C51D82C07500EAD1D2 /* Info.plist */,
				B89034B41D82C07500EAD1D2 /* Supporting Files */,
			);
			path = BuilderProject;
			sourceTree = "<group>";
		};
		B89034B41D82C07500EAD1D2 /* Supporting Files */ = {
			isa = PBXGroup;
			children = (
				B89034B51D82C07500EAD1D2 /* main.m */,
			);
			name = "Supporting Files";
			sourceTree = "<group>";
		};
		B89034CB1D82C0C400EAD1D2 /* Builder */ = {
			isa = PBXGroup;
			children = (
				B89034DA1D82C20500EAD1D2 /* LHBuickBuilder.h */,
				B89034DB1D82C20500EAD1D2 /* LHBuickBuilder.m */,
				B89034E01D82C27A00EAD1D2 /* LHBuickExcelleGTBuilder.h */,
				B89034E11D82C27A00EAD1D2 /* LHBuickExcelleGTBuilder.m */,
				B89034E31D82C30500EAD1D2 /* LHBuickVeranoBuilder.h */,
				B89034E41D82C30500EAD1D2 /* LHBuickVeranoBuilder.m */,
				B89034E61D82C33E00EAD1D2 /* LHBuickRegalBuilder.h */,
				B89034E71D82C33E00EAD1D2 /* LHBuickRegalBuilder.m */,
				B89034E91D82C37000EAD1D2 /* LHBuickLacrosseBuilder.h */,
				B89034EA1D82C37000EAD1D2 /* LHBuickLacrosseBuilder.m */,
			);
			path = Builder;
			sourceTree = "<group>";
		};
		B89034CC1D82C0C400EAD1D2 /* Director */ = {
			isa = PBXGroup;
			children = (
				B89034D71D82C1C300EAD1D2 /* LHDirector4S.h */,
				B89034D81D82C1C300EAD1D2 /* LHDirector4S.m */,
			);
			path = Director;
			sourceTree = "<group>";
		};
		B89034CD1D82C0C400EAD1D2 /* Product */ = {
			isa = PBXGroup;
			children = (
				B89034D41D82C19300EAD1D2 /* LHBuickCar.h */,
				B89034D51D82C19300EAD1D2 /* LHBuickCar.m */,
			);
			path = Product;
			sourceTree = "<group>";
		};
/* End PBXGroup section */

/* Begin PBXNativeTarget section */
		B89034B01D82C07500EAD1D2 /* BuilderProject */ = {
			isa = PBXNativeTarget;
			buildConfigurationList = B89034C81D82C07500EAD1D2 /* Build configuration list for PBXNativeTarget "BuilderProject" */;
			buildPhases = (
				B89034AD1D82C07500EAD1D2 /* Sources */,
				B89034AE1D82C07500EAD1D2 /* Frameworks */,
				B89034AF1D82C07500EAD1D2 /* Resources */,
			);
			buildRules = (
			);
			dependencies = (
			);
			name = BuilderProject;
			productName = BuilderProject;
			productReference = B89034B11D82C07500EAD1D2 /* BuilderProject.app */;
			productType = "com.apple.product-type.application";
		};
/* End PBXNativeTarget section */

/* Begin PBXProject section */
		B89034A91D82C07500EAD1D2 /* Project object */ = {
			isa = PBXProject;
			attributes = {
				LastUpgradeCheck = 0730;
				ORGANIZATIONNAME = com.xiankancom.xiankan;
				TargetAttributes = {
					B89034B01D82C07500EAD1D2 = {
						CreatedOnToolsVersion = 7.3.1;
					};
				};
			};
			buildConfigurationList = B89034AC1D82C07500EAD1D2 /* Build configuration list for PBXProject "BuilderProject" */;
			compatibilityVersion = "Xcode 3.2";
			developmentRegion = English;
			hasScannedForEncodings = 0;
			knownRegions = (
				en,
				Base,
			);
			mainGroup = B89034A81D82C07500EAD1D2;
			productRefGroup = B89034B21D82C07500EAD1D2 /* Products */;
			projectDirPath = "";
			projectRoot = "";
			targets = (
				B89034B01D82C07500EAD1D2 /* BuilderProject */,
			);
		};
/* End PBXProject section */

/* Begin PBXResourcesBuildPhase section */
		B89034AF1D82C07500EAD1D2 /* Resources */ = {
			isa = PBXResourcesBuildPhase;
			buildActionMask = 2147483647;
			files = (
				B89034C41D82C07500EAD1D2 /* LaunchScreen.storyboard in Resources */,
				B89034C11D82C07500EAD1D2 /* Assets.xcassets in Resources */,
				B89034BF1D82C07500EAD1D2 /* Main.storyboard in Resources */,
			);
			runOnlyForDeploymentPostprocessing = 0;
		};
/* End PBXResourcesBuildPhase section */

/* Begin PBXSourcesBuildPhase section */
		B89034AD1D82C07500EAD1D2 /* Sources */ = {
			isa = PBXSourcesBuildPhase;
			buildActionMask = 2147483647;
			files = (
				B89034BC1D82C07500EAD1D2 /* ViewController.m in Sources */,
				B89034D61D82C19300EAD1D2 /* LHBuickCar.m in Sources */,
				B89034B91D82C07500EAD1D2 /* AppDelegate.m in Sources */,
				B89034D91D82C1C300EAD1D2 /* LHDirector4S.m in Sources */,
				B89034EB1D82C37000EAD1D2 /* LHBuickLacrosseBuilder.m in Sources */,
				B89034DC1D82C20500EAD1D2 /* LHBuickBuilder.m in Sources */,
				B89034E81D82C33E00EAD1D2 /* LHBuickRegalBuilder.m in Sources */,
				B89034E21D82C27A00EAD1D2 /* LHBuickExcelleGTBuilder.m in Sources */,
				B89034B61D82C07500EAD1D2 /* main.m in Sources */,
				B89034E51D82C30500EAD1D2 /* LHBuickVeranoBuilder.m in Sources */,
			);
			runOnlyForDeploymentPostprocessing = 0;
		};
/* End PBXSourcesBuildPhase section */

/* Begin PBXVariantGroup section */
		B89034BD1D82C07500EAD1D2 /* Main.storyboard */ = {
			isa = PBXVariantGroup;
			children = (
				B89034BE1D82C07500EAD1D2 /* Base */,
			);
			name = Main.storyboard;
			sourceTree = "<group>";
		};
		B89034C21D82C07500EAD1D2 /* LaunchScreen.storyboard */ = {
			isa = PBXVariantGroup;
			children = (
				B89034C31D82C07500EAD1D2 /* Base */,
			);
			name = LaunchScreen.storyboard;
			sourceTree = "<group>";
		};
/* End PBXVariantGroup section */

/* Begin XCBuildConfiguration section */
		B89034C61D82C07500EAD1D2 /* Debug */ = {
			isa = XCBuildConfiguration;
			buildSettings = {
				ALWAYS_SEARCH_USER_PATHS = NO;
				CLANG_ANALYZER_NONNULL = YES;
				CLANG_CXX_LANGUAGE_STANDARD = "gnu++0x";
				CLANG_CXX_LIBRARY = "libc++";
				CLANG_ENABLE_MODULES = YES;
				CLANG_ENABLE_OBJC_ARC = YES;
				CLANG_WARN_BOOL_CONVERSION = YES;
				CLANG_WARN_CONSTANT_CONVERSION = YES;
				CLANG_WARN_DIRECT_OBJC_ISA_USAGE = YES_ERROR;
				CLANG_WARN_EMPTY_BODY = YES;
				CLANG_WARN_ENUM_CONVERSION = YES;
				CLANG_WARN_INT_CONVERSION = YES;
				CLANG_WARN_OBJC_ROOT_CLASS = YES_ERROR;
				CLANG_WARN_UNREACHABLE_CODE = YES;
				CLANG_WARN__DUPLICATE_METHOD_MATCH = YES;
				"CODE_SIGN_IDENTITY[sdk=iphoneos*]" = "iPhone Developer";
				COPY_PHASE_STRIP = NO;
				DEBUG_INFORMATION_FORMAT = dwarf;
				ENABLE_STRICT_OBJC_MSGSEND = YES;
				ENABLE_TESTABILITY = YES;
				GCC_C_LANGUAGE_STANDARD = gnu99;
				GCC_DYNAMIC_NO_PIC = NO;
				GCC_NO_COMMON_BLOCKS = YES;
				GCC_OPTIMIZATION_LEVEL = 0;
				GCC_PREPROCESSOR_DEFINITIONS = (
					"DEBUG=1",
					"$(inherited)",
				);
				GCC_WARN_64_TO_32_BIT_CONVERSION = YES;
				GCC_WARN_ABOUT_RETURN_TYPE = YES_ERROR;
				GCC_WARN_UNDECLARED_SELECTOR = YES;
				GCC_WARN_UNINITIALIZED_AUTOS = YES_AGGRESSIVE;
				GCC_WARN_UNUSED_FUNCTION = YES;
				GCC_WARN_UNUSED_VARIABLE = YES;
				IPHONEOS_DEPLOYMENT_TARGET = 9.3;
				MTL_ENABLE_DEBUG_INFO = YES;
				ONLY_ACTIVE_ARCH = YES;
				SDKROOT = iphoneos;
			};
			name = Debug;
		};
		B89034C71D82C07500EAD1D2 /* Release */ = {
			isa = XCBuildConfiguration;
			buildSettings = {
				ALWAYS_SEARCH_USER_PATHS = NO;
				CLANG_ANALYZER_NONNULL = YES;
				CLANG_CXX_LANGUAGE_STANDARD = "gnu++0x";
				CLANG_CXX_LIBRARY = "libc++";
				CLANG_ENABLE_MODULES = YES;
				CLANG_ENABLE_OBJC_ARC = YES;
				CLANG_WARN_BOOL_CONVERSION = YES;
				CLANG_WARN_CONSTANT_CONVERSION = YES;
				CLANG_WARN_DIRECT_OBJC_ISA_USAGE = YES_ERROR;
				CLANG_WARN_EMPTY_BODY = YES;
				CLANG_WARN_ENUM_CONVERSION = YES;
				CLANG_WARN_INT_CONVERSION = YES;
				CLANG_WARN_OBJC_ROOT_CLASS = YES_ERROR;
				CLANG_WARN_UNREACHABLE_CODE = YES;
				CLANG_WARN__DUPLICATE_METHOD_MATCH = YES;
				"CODE_SIGN_IDENTITY[sdk=iphoneos*]" = "iPhone Developer";
				COPY_PHASE_STRIP = NO;
				DEBUG_INFORMATION_FORMAT = "dwarf-with-dsym";
				ENABLE_NS_ASSERTIONS = NO;
				ENABLE_STRICT_OBJC_MSGSEND = YES;
				GCC_C_LANGUAGE_STANDARD = gnu99;
				GCC_NO_COMMON_BLOCKS = YES;
				GCC_WARN_64_TO_32_BIT_CONVERSION = YES;
				GCC_WARN_ABOUT_RETURN_TYPE = YES_ERROR;
				GCC_WARN_UNDECLARED_SELECTOR = YES;
				GCC_WARN_UNINITIALIZED_AUTOS = YES_AGGRESSIVE;
				GCC_WARN_UNUSED_FUNCTION = YES;
				GCC_WARN_UNUSED_VARIABLE = YES;
				IPHONEOS_DEPLOYMENT_TARGET = 9.3;
				MTL_ENABLE_DEBUG_INFO = NO;
				SDKROOT = iphoneos;
				VALIDATE_PRODUCT = YES;
			};
			name = Release;
		};
		B89034C91D82C07500EAD1D2 /* Debug */ = {
			isa = XCBuildConfiguration;
			buildSettings = {
				ASSETCATALOG_COMPILER_APPICON_NAME = AppIcon;
				INFOPLIST_FILE = BuilderProject/Info.plist;
				LD_RUNPATH_SEARCH_PATHS = "$(inherited) @executable_path/Frameworks";
				PRODUCT_BUNDLE_IDENTIFIER = com.xiankan.BuilderProject;
				PRODUCT_NAME = "$(TARGET_NAME)";
			};
			name = Debug;
		};
		B89034CA1D82C07500EAD1D2 /* Release */ = {
			isa = XCBuildConfiguration;
			buildSettings = {
				ASSETCATALOG_COMPILER_APPICON_NAME = AppIcon;
				INFOPLIST_FILE = BuilderProject/Info.plist;
				LD_RUNPATH_SEARCH_PATHS = "$(inherited) @executable_path/Frameworks";
				PRODUCT_BUNDLE_IDENTIFIER = com.xiankan.BuilderProject;
				PRODUCT_NAME = "$(TARGET_NAME)";
			};
			name = Release;
		};
/* End XCBuildConfiguration section */

/* Begin XCConfigurationList section */
		B89034AC1D82C07500EAD1D2 /* Build configuration list for PBXProject "BuilderProject" */ = {
			isa = XCConfigurationList;
			buildConfigurations = (
				B89034C61D82C07500EAD1D2 /* Debug */,
				B89034C71D82C07500EAD1D2 /* Release */,
			);
			defaultConfigurationIsVisible = 0;
			defaultConfigurationName = Release;
		};
		B89034C81D82C07500EAD1D2 /* Build configuration list for PBXNativeTarget "BuilderProject" */ = {
			isa = XCConfigurationList;
			buildConfigurations = (
				B89034C91D82C07500EAD1D2 /* Debug */,
				B89034CA1D82C07500EAD1D2 /* Release */,
			);
			defaultConfigurationIsVisible = 0;
		};
/* End XCConfigurationList section */
	};
	rootObject = B89034A91D82C07500EAD1D2 /* Project object */;
}
